
Microsoft Visual Studio Solution File, Format Version 12.00
# Visual Studio Version 17
VisualStudioVersion = 17.5.33530.505
MinimumVisualStudioVersion = 10.0.40219.1
Project("{FAE04EC0-301F-11D3-BF4B-00C04F79EFBC}") = "SistemaWeb", "SistemaWeb\SistemaWeb.csproj", "{676E87AD-DF27-4007-9867-3B99AFA33461}"
EndProject
Global
	GlobalSection(SolutionConfigurationPlatforms) = preSolution
		Debug|Any CPU = Debug|Any CPU
		Release|Any CPU = Release|Any CPU
	EndGlobalSection
	GlobalSection(ProjectConfigurationPlatforms) = postSolution
		{676E87AD-DF27-4007-9867-3B99AFA33461}.Debug|Any CPU.ActiveCfg = Debug|Any CPU
		{676E87AD-DF27-4007-9867-3B99AFA33461}.Debug|Any CPU.Build.0 = Debug|Any CPU
		{676E87AD-DF27-4007-9867-3B99AFA33461}.Release|Any CPU.ActiveCfg = Release|Any CPU
		{676E87AD-DF27-4007-9867-3B99AFA33461}.Release|Any CPU.Build.0 = Release|Any CPU
	EndGlobalSection
	GlobalSection(SolutionProperties) = preSolution
		HideSolutionNode = FALSE
	EndGlobalSection
	GlobalSection(ExtensibilityGlobals) = postSolution
		SolutionGuid = {0799398E-BD09-4289-BD40-BD29D9FA730C}
	EndGlobalSection
EndGlobal
